<Solution>
  <Project Path="StudentManagement.API/StudentManagement.API.csproj" />
  <Project Path="StudentManagement.Application/StudentManagement.Application.csproj" />
  <Project Path="StudentManagement.Domain/StudentManagement.Domain.csproj" />
  <Project Path="StudentManagement.Infrastructure/StudentManagement.Infrastructure.csproj" />
</Solution>
